
Microsoft Visual Studio Solution File, Format Version 12.00
# Visual Studio Version 16
VisualStudioVersion = 16.0.31624.102
MinimumVisualStudioVersion = 10.0.40219.1
Project("{9A19103F-16F7-4668-BE54-9A1E7A4F7556}") = "DataLogic", "MySampleProject\DataLogic.csproj", "{609A0EF2-DB2C-4E9B-B010-E760A52E88C6}"
EndProject
Project("{9A19103F-16F7-4668-BE54-9A1E7A4F7556}") = "BusinessLogic", "BusinessLogic\BusinessLogic.csproj", "{BB942BD3-95A1-4AF0-9558-AB7153834339}"
EndProject
Project("{9A19103F-16F7-4668-BE54-9A1E7A4F7556}") = "WebAPILogic", "WebAPILogic\WebAPILogic.csproj", "{289441D4-E4D2-482D-81F4-8A2C507611BC}"
EndProject
Global
	GlobalSection(SolutionConfigurationPlatforms) = preSolution
		Debug|Any CPU = Debug|Any CPU
		Release|Any CPU = Release|Any CPU
	EndGlobalSection
	GlobalSection(ProjectConfigurationPlatforms) = postSolution
		{609A0EF2-DB2C-4E9B-B010-E760A52E88C6}.Debug|Any CPU.ActiveCfg = Debug|Any CPU
		{609A0EF2-DB2C-4E9B-B010-E760A52E88C6}.Debug|Any CPU.Build.0 = Debug|Any CPU
		{609A0EF2-DB2C-4E9B-B010-E760A52E88C6}.Release|Any CPU.ActiveCfg = Release|Any CPU
		{609A0EF2-DB2C-4E9B-B010-E760A52E88C6}.Release|Any CPU.Build.0 = Release|Any CPU
		{BB942BD3-95A1-4AF0-9558-AB7153834339}.Debug|Any CPU.ActiveCfg = Debug|Any CPU
		{BB942BD3-95A1-4AF0-9558-AB7153834339}.Debug|Any CPU.Build.0 = Debug|Any CPU
		{BB942BD3-95A1-4AF0-9558-AB7153834339}.Release|Any CPU.ActiveCfg = Release|Any CPU
		{BB942BD3-95A1-4AF0-9558-AB7153834339}.Release|Any CPU.Build.0 = Release|Any CPU
		{289441D4-E4D2-482D-81F4-8A2C507611BC}.Debug|Any CPU.ActiveCfg = Debug|Any CPU
		{289441D4-E4D2-482D-81F4-8A2C507611BC}.Debug|Any CPU.Build.0 = Debug|Any CPU
		{289441D4-E4D2-482D-81F4-8A2C507611BC}.Release|Any CPU.ActiveCfg = Release|Any CPU
		{289441D4-E4D2-482D-81F4-8A2C507611BC}.Release|Any CPU.Build.0 = Release|Any CPU
	EndGlobalSection
	GlobalSection(SolutionProperties) = preSolution
		HideSolutionNode = FALSE
	EndGlobalSection
	GlobalSection(ExtensibilityGlobals) = postSolution
		SolutionGuid = {B27E2B2E-2571-43DB-AD77-1E8C84AA0661}
	EndGlobalSection
EndGlobal
